{
  "name": "elegant-glass-sass",
  "version": "1.0.0",
  "lockfileVersion": 3,
  "requires": true,
  "packages": {
    "": {
      "name": "elegant-glass-sass",
      "version": "1.0.0",
      "license": "UNLICENCED",
      "dependencies": {
        "material-symbols": "^0.15.0"
      }
    },
    "node_modules/material-symbols": {
      "version": "0.15.0",
      "resolved": "https://registry.npmjs.org/material-symbols/-/material-symbols-0.15.0.tgz",
      "integrity": "sha512-216LRlmN8fZb0CoIOaQBmRZ55BptWcd7z//0v7dXQA6aogsvI9Qp1nMQ5jZ44dbgBXntUQzWdB5Q2D+6bJXioA=="
    }
  }
}
